
Microsoft Visual Studio Solution File, Format Version 12.00
# Visual Studio Version 16
VisualStudioVersion = 16.0.30611.23
MinimumVisualStudioVersion = 10.0.40219.1
Project("{8BC9CEB8-8B4A-11D0-8D11-00A0C91BC942}") = "CIS554", "CIS554\CIS554.vcxproj", "{973042F4-7333-4306-B97F-4AA6F5656A5A}"
EndProject
Global
	GlobalSection(SolutionConfigurationPlatforms) = preSolution
		Debug|x64 = Debug|x64
		Debug|x86 = Debug|x86
		Release|x64 = Release|x64
		Release|x86 = Release|x86
	EndGlobalSection
	GlobalSection(ProjectConfigurationPlatforms) = postSolution
		{973042F4-7333-4306-B97F-4AA6F5656A5A}.Debug|x64.ActiveCfg = Debug|x64
		{973042F4-7333-4306-B97F-4AA6F5656A5A}.Debug|x64.Build.0 = Debug|x64
		{973042F4-7333-4306-B97F-4AA6F5656A5A}.Debug|x86.ActiveCfg = Debug|Win32
		{973042F4-7333-4306-B97F-4AA6F5656A5A}.Debug|x86.Build.0 = Debug|Win32
		{973042F4-7333-4306-B97F-4AA6F5656A5A}.Release|x64.ActiveCfg = Release|x64
		{973042F4-7333-4306-B97F-4AA6F5656A5A}.Release|x64.Build.0 = Release|x64
		{973042F4-7333-4306-B97F-4AA6F5656A5A}.Release|x86.ActiveCfg = Release|Win32
		{973042F4-7333-4306-B97F-4AA6F5656A5A}.Release|x86.Build.0 = Release|Win32
	EndGlobalSection
	GlobalSection(SolutionProperties) = preSolution
		HideSolutionNode = FALSE
	EndGlobalSection
	GlobalSection(ExtensibilityGlobals) = postSolution
		SolutionGuid = {DE41E6AA-E1C0-45EB-8562-A426ABB5D944}
	EndGlobalSection
EndGlobal
